Microsoft Visual Studio Solution File, Format Version 12.00
# Visual Studio Version 17
VisualStudioVersion = 17.5.2.0
MinimumVisualStudioVersion = 10.0.40219.1
Project("{FAE04EC0-301F-11D3-BF4B-00C04F79EFBC}") = "clases_abstractas", "clases_abstractas.csproj", "{44238E48-00F2-B3D3-4891-82DE50689E22}"
EndProject
Global
	GlobalSection(SolutionConfigurationPlatforms) = preSolution
		Debug|Any CPU = Debug|Any CPU
		Release|Any CPU = Release|Any CPU
	EndGlobalSection
	GlobalSection(ProjectConfigurationPlatforms) = postSolution
		{44238E48-00F2-B3D3-4891-82DE50689E22}.Debug|Any CPU.ActiveCfg = Debug|Any CPU
		{44238E48-00F2-B3D3-4891-82DE50689E22}.Debug|Any CPU.Build.0 = Debug|Any CPU
		{44238E48-00F2-B3D3-4891-82DE50689E22}.Release|Any CPU.ActiveCfg = Release|Any CPU
		{44238E48-00F2-B3D3-4891-82DE50689E22}.Release|Any CPU.Build.0 = Release|Any CPU
	EndGlobalSection
	GlobalSection(SolutionProperties) = preSolution
		HideSolutionNode = FALSE
	EndGlobalSection
	GlobalSection(ExtensibilityGlobals) = postSolution
		SolutionGuid = {394D38F3-325B-44E5-932C-ED0357A9BCFA}
	EndGlobalSection
EndGlobal
